
Microsoft Visual Studio Solution File, Format Version 12.00
# Visual Studio Version 17
VisualStudioVersion = 17.4.33213.308
MinimumVisualStudioVersion = 10.0.40219.1
Project("{8BC9CEB8-8B4A-11D0-8D11-00A0C91BC942}") = "msdaa", "msdaa\msdaa.vcxproj", "{27BC380E-79C1-4248-9DE9-35F7750AFD17}"
EndProject
Global
	GlobalSection(SolutionConfigurationPlatforms) = preSolution
		Debug|x64 = Debug|x64
		Debug|x86 = Debug|x86
		Release|x64 = Release|x64
		Release|x86 = Release|x86
	EndGlobalSection
	GlobalSection(ProjectConfigurationPlatforms) = postSolution
		{27BC380E-79C1-4248-9DE9-35F7750AFD17}.Debug|x64.ActiveCfg = Debug|x64
		{27BC380E-79C1-4248-9DE9-35F7750AFD17}.Debug|x64.Build.0 = Debug|x64
		{27BC380E-79C1-4248-9DE9-35F7750AFD17}.Debug|x86.ActiveCfg = Debug|Win32
		{27BC380E-79C1-4248-9DE9-35F7750AFD17}.Debug|x86.Build.0 = Debug|Win32
		{27BC380E-79C1-4248-9DE9-35F7750AFD17}.Release|x64.ActiveCfg = Release|x64
		{27BC380E-79C1-4248-9DE9-35F7750AFD17}.Release|x64.Build.0 = Release|x64
		{27BC380E-79C1-4248-9DE9-35F7750AFD17}.Release|x86.ActiveCfg = Release|Win32
		{27BC380E-79C1-4248-9DE9-35F7750AFD17}.Release|x86.Build.0 = Release|Win32
	EndGlobalSection
	GlobalSection(SolutionProperties) = preSolution
		HideSolutionNode = FALSE
	EndGlobalSection
	GlobalSection(ExtensibilityGlobals) = postSolution
		SolutionGuid = {B69DA824-19CD-4A11-8CB1-0AD7CBBE3D6A}
	EndGlobalSection
EndGlobal
